
Microsoft Visual Studio Solution File, Format Version 12.00
# Visual Studio Version 17
VisualStudioVersion = 17.3.32929.385
MinimumVisualStudioVersion = 10.0.40219.1
Project("{FAE04EC0-301F-11D3-BF4B-00C04F79EFBC}") = "HW-3", "HW-3\HW-3.csproj", "{7A54F7BF-B9C3-45C5-A574-83D3ED0B0794}"
EndProject
Global
	GlobalSection(SolutionConfigurationPlatforms) = preSolution
		Debug|Any CPU = Debug|Any CPU
		Release|Any CPU = Release|Any CPU
	EndGlobalSection
	GlobalSection(ProjectConfigurationPlatforms) = postSolution
		{7A54F7BF-B9C3-45C5-A574-83D3ED0B0794}.Debug|Any CPU.ActiveCfg = Debug|Any CPU
		{7A54F7BF-B9C3-45C5-A574-83D3ED0B0794}.Debug|Any CPU.Build.0 = Debug|Any CPU
		{7A54F7BF-B9C3-45C5-A574-83D3ED0B0794}.Release|Any CPU.ActiveCfg = Release|Any CPU
		{7A54F7BF-B9C3-45C5-A574-83D3ED0B0794}.Release|Any CPU.Build.0 = Release|Any CPU
	EndGlobalSection
	GlobalSection(SolutionProperties) = preSolution
		HideSolutionNode = FALSE
	EndGlobalSection
	GlobalSection(ExtensibilityGlobals) = postSolution
		SolutionGuid = {766A50E7-3C39-4A33-A3CB-53B46CDA49B3}
	EndGlobalSection
EndGlobal
